
Microsoft Visual Studio Solution File, Format Version 12.00
# Visual Studio Version 16
VisualStudioVersion = 16.0.30503.244
MinimumVisualStudioVersion = 10.0.40219.1
Project("{9A19103F-16F7-4668-BE54-9A1E7A4F7556}") = "TurtleChallenge", "src\TurtleChallenge\TurtleChallenge.csproj", "{F4329B45-86AD-4927-A9A4-53EB04E381CF}"
EndProject
Project("{2150E333-8FDC-42A3-9474-1A3956D46DE8}") = "Solution Items", "Solution Items", "{93572037-5E23-4C82-8518-937C4BDB06D4}"
	ProjectSection(SolutionItems) = preProject
		game-settings.json = game-settings.json
		moves = moves
		README.md = README.md
	EndProjectSection
EndProject
Project("{2150E333-8FDC-42A3-9474-1A3956D46DE8}") = "src", "src", "{0C664C55-3FE7-4E37-B2D7-85E0B772F6A4}"
EndProject
Project("{2150E333-8FDC-42A3-9474-1A3956D46DE8}") = "tests", "tests", "{BFE124B5-7DD2-4B75-92D7-18CC655F24C4}"
EndProject
Project("{9A19103F-16F7-4668-BE54-9A1E7A4F7556}") = "TurtleChallenge.Core", "src\TurtleChallenge.Core\TurtleChallenge.Core.csproj", "{89C43F58-F651-4A36-A631-1EB1AD92A422}"
EndProject
Project("{9A19103F-16F7-4668-BE54-9A1E7A4F7556}") = "TurtleChallenge.Data.Reporter", "src\TurtleChallenge.Data.Reporter\TurtleChallenge.Data.Reporter.csproj", "{7844AD91-AC13-42C3-BF14-76F0459713A9}"
EndProject
Project("{9A19103F-16F7-4668-BE54-9A1E7A4F7556}") = "TurtleChallenge.Utils", "src\TurtleChallenge.Utils\TurtleChallenge.Utils.csproj", "{3D696CDD-1676-482E-9228-AB61C2638467}"
EndProject
Project("{9A19103F-16F7-4668-BE54-9A1E7A4F7556}") = "TurtleChallenge.Utils.Tests", "tests\TurtleChallenge.Utils.Tests\TurtleChallenge.Utils.Tests.csproj", "{A5D2AFDC-E222-4319-967D-70966DCBEE2C}"
EndProject
Project("{9A19103F-16F7-4668-BE54-9A1E7A4F7556}") = "TurtleChallenge.Data.Retriever", "src\TurtleChallenge.Data.Retriever\TurtleChallenge.Data.Retriever.csproj", "{C2C3CC23-A1B8-41D4-A568-706BBFE42255}"
EndProject
Project("{9A19103F-16F7-4668-BE54-9A1E7A4F7556}") = "TurtleChallenge.Data.Retriever.Tests", "tests\TurtleChallenge.Data.Retriever.Tests\TurtleChallenge.Data.Retriever.Tests.csproj", "{EC652701-5078-42E7-BD4D-F9EA1E4F4C56}"
EndProject
Project("{9A19103F-16F7-4668-BE54-9A1E7A4F7556}") = "TurtleChallenge.Data.Reporter.Tests", "tests\TurtleChallenge.Data.Reporter.Tests\TurtleChallenge.Data.Reporter.Tests.csproj", "{A798FF3A-B348-41DE-B587-2D25818F0FE5}"
EndProject
Project("{9A19103F-16F7-4668-BE54-9A1E7A4F7556}") = "TurtleChallenge.Core.Tests", "tests\TurtleChallenge.Core.Tests\TurtleChallenge.Core.Tests.csproj", "{AA84C820-7C30-4F46-BCD3-3C977A9E75FF}"
EndProject
Project("{9A19103F-16F7-4668-BE54-9A1E7A4F7556}") = "TurtleChallenge.Integration.Tests", "tests\TurtleChallenge.Integration.Tests\TurtleChallenge.Integration.Tests.csproj", "{BEB5A538-2452-4B09-8A87-517754F3BD6C}"
EndProject
Project("{9A19103F-16F7-4668-BE54-9A1E7A4F7556}") = "TurtleChallenge.TestUtilities", "tests\TurtleChallenge.TestUtilities\TurtleChallenge.TestUtilities.csproj", "{67B72F30-3021-427D-9B43-F83FBE53B628}"
EndProject
Global
	GlobalSection(SolutionConfigurationPlatforms) = preSolution
		Debug|Any CPU = Debug|Any CPU
		Release|Any CPU = Release|Any CPU
	EndGlobalSection
	GlobalSection(ProjectConfigurationPlatforms) = postSolution
		{F4329B45-86AD-4927-A9A4-53EB04E381CF}.Debug|Any CPU.ActiveCfg = Debug|Any CPU
		{F4329B45-86AD-4927-A9A4-53EB04E381CF}.Debug|Any CPU.Build.0 = Debug|Any CPU
		{F4329B45-86AD-4927-A9A4-53EB04E381CF}.Release|Any CPU.ActiveCfg = Release|Any CPU
		{F4329B45-86AD-4927-A9A4-53EB04E381CF}.Release|Any CPU.Build.0 = Release|Any CPU
		{89C43F58-F651-4A36-A631-1EB1AD92A422}.Debug|Any CPU.ActiveCfg = Debug|Any CPU
		{89C43F58-F651-4A36-A631-1EB1AD92A422}.Debug|Any CPU.Build.0 = Debug|Any CPU
		{89C43F58-F651-4A36-A631-1EB1AD92A422}.Release|Any CPU.ActiveCfg = Release|Any CPU
		{89C43F58-F651-4A36-A631-1EB1AD92A422}.Release|Any CPU.Build.0 = Release|Any CPU
		{7844AD91-AC13-42C3-BF14-76F0459713A9}.Debug|Any CPU.ActiveCfg = Debug|Any CPU
		{7844AD91-AC13-42C3-BF14-76F0459713A9}.Debug|Any CPU.Build.0 = Debug|Any CPU
		{7844AD91-AC13-42C3-BF14-76F0459713A9}.Release|Any CPU.ActiveCfg = Release|Any CPU
		{7844AD91-AC13-42C3-BF14-76F0459713A9}.Release|Any CPU.Build.0 = Release|Any CPU
		{3D696CDD-1676-482E-9228-AB61C2638467}.Debug|Any CPU.ActiveCfg = Debug|Any CPU
		{3D696CDD-1676-482E-9228-AB61C2638467}.Debug|Any CPU.Build.0 = Debug|Any CPU
		{3D696CDD-1676-482E-9228-AB61C2638467}.Release|Any CPU.ActiveCfg = Release|Any CPU
		{3D696CDD-1676-482E-9228-AB61C2638467}.Release|Any CPU.Build.0 = Release|Any CPU
		{A5D2AFDC-E222-4319-967D-70966DCBEE2C}.Debug|Any CPU.ActiveCfg = Debug|Any CPU
		{A5D2AFDC-E222-4319-967D-70966DCBEE2C}.Debug|Any CPU.Build.0 = Debug|Any CPU
		{A5D2AFDC-E222-4319-967D-70966DCBEE2C}.Release|Any CPU.ActiveCfg = Release|Any CPU
		{A5D2AFDC-E222-4319-967D-70966DCBEE2C}.Release|Any CPU.Build.0 = Release|Any CPU
		{C2C3CC23-A1B8-41D4-A568-706BBFE42255}.Debug|Any CPU.ActiveCfg = Debug|Any CPU
		{C2C3CC23-A1B8-41D4-A568-706BBFE42255}.Debug|Any CPU.Build.0 = Debug|Any CPU
		{C2C3CC23-A1B8-41D4-A568-706BBFE42255}.Release|Any CPU.ActiveCfg = Release|Any CPU
		{C2C3CC23-A1B8-41D4-A568-706BBFE42255}.Release|Any CPU.Build.0 = Release|Any CPU
		{EC652701-5078-42E7-BD4D-F9EA1E4F4C56}.Debug|Any CPU.ActiveCfg = Debug|Any CPU
		{EC652701-5078-42E7-BD4D-F9EA1E4F4C56}.Debug|Any CPU.Build.0 = Debug|Any CPU
		{EC652701-5078-42E7-BD4D-F9EA1E4F4C56}.Release|Any CPU.ActiveCfg = Release|Any CPU
		{EC652701-5078-42E7-BD4D-F9EA1E4F4C56}.Release|Any CPU.Build.0 = Release|Any CPU
		{A798FF3A-B348-41DE-B587-2D25818F0FE5}.Debug|Any CPU.ActiveCfg = Debug|Any CPU
		{A798FF3A-B348-41DE-B587-2D25818F0FE5}.Debug|Any CPU.Build.0 = Debug|Any CPU
		{A798FF3A-B348-41DE-B587-2D25818F0FE5}.Release|Any CPU.ActiveCfg = Release|Any CPU
		{A798FF3A-B348-41DE-B587-2D25818F0FE5}.Release|Any CPU.Build.0 = Release|Any CPU
		{AA84C820-7C30-4F46-BCD3-3C977A9E75FF}.Debug|Any CPU.ActiveCfg = Debug|Any CPU
		{AA84C820-7C30-4F46-BCD3-3C977A9E75FF}.Debug|Any CPU.Build.0 = Debug|Any CPU
		{AA84C820-7C30-4F46-BCD3-3C977A9E75FF}.Release|Any CPU.ActiveCfg = Release|Any CPU
		{AA84C820-7C30-4F46-BCD3-3C977A9E75FF}.Release|Any CPU.Build.0 = Release|Any CPU
		{BEB5A538-2452-4B09-8A87-517754F3BD6C}.Debug|Any CPU.ActiveCfg = Debug|Any CPU
		{BEB5A538-2452-4B09-8A87-517754F3BD6C}.Debug|Any CPU.Build.0 = Debug|Any CPU
		{BEB5A538-2452-4B09-8A87-517754F3BD6C}.Release|Any CPU.ActiveCfg = Release|Any CPU
		{BEB5A538-2452-4B09-8A87-517754F3BD6C}.Release|Any CPU.Build.0 = Release|Any CPU
		{67B72F30-3021-427D-9B43-F83FBE53B628}.Debug|Any CPU.ActiveCfg = Debug|Any CPU
		{67B72F30-3021-427D-9B43-F83FBE53B628}.Debug|Any CPU.Build.0 = Debug|Any CPU
		{67B72F30-3021-427D-9B43-F83FBE53B628}.Release|Any CPU.ActiveCfg = Release|Any CPU
		{67B72F30-3021-427D-9B43-F83FBE53B628}.Release|Any CPU.Build.0 = Release|Any CPU
	EndGlobalSection
	GlobalSection(SolutionProperties) = preSolution
		HideSolutionNode = FALSE
	EndGlobalSection
	GlobalSection(NestedProjects) = preSolution
		{F4329B45-86AD-4927-A9A4-53EB04E381CF} = {0C664C55-3FE7-4E37-B2D7-85E0B772F6A4}
		{89C43F58-F651-4A36-A631-1EB1AD92A422} = {0C664C55-3FE7-4E37-B2D7-85E0B772F6A4}
		{7844AD91-AC13-42C3-BF14-76F0459713A9} = {0C664C55-3FE7-4E37-B2D7-85E0B772F6A4}
		{3D696CDD-1676-482E-9228-AB61C2638467} = {0C664C55-3FE7-4E37-B2D7-85E0B772F6A4}
		{A5D2AFDC-E222-4319-967D-70966DCBEE2C} = {BFE124B5-7DD2-4B75-92D7-18CC655F24C4}
		{C2C3CC23-A1B8-41D4-A568-706BBFE42255} = {0C664C55-3FE7-4E37-B2D7-85E0B772F6A4}
		{EC652701-5078-42E7-BD4D-F9EA1E4F4C56} = {BFE124B5-7DD2-4B75-92D7-18CC655F24C4}
		{A798FF3A-B348-41DE-B587-2D25818F0FE5} = {BFE124B5-7DD2-4B75-92D7-18CC655F24C4}
		{AA84C820-7C30-4F46-BCD3-3C977A9E75FF} = {BFE124B5-7DD2-4B75-92D7-18CC655F24C4}
		{BEB5A538-2452-4B09-8A87-517754F3BD6C} = {BFE124B5-7DD2-4B75-92D7-18CC655F24C4}
		{67B72F30-3021-427D-9B43-F83FBE53B628} = {BFE124B5-7DD2-4B75-92D7-18CC655F24C4}
	EndGlobalSection
	GlobalSection(ExtensibilityGlobals) = postSolution
		SolutionGuid = {117AC307-227D-4227-A38F-957F7562B8C8}
	EndGlobalSection
EndGlobal
